# This file was autogenerated by uv via the following command:
#    uv pip compile requirements.txt --output-file=requirements.lock --strip-extras
aiosqlite==0.22.1
    # via -r requirements.txt
alembic==1.19.1
    # via
    #   -r requirements.txt
    #   mlflow
    #   optuna
altair==6.2.2
    # via streamlit
annotated-doc==0.0.5
    # via
    #   fastapi
    #   typer
annotated-types==0.8.0
    # via pydantic
anthropic==0.125.0
    # via -r requirements.txt
anyio==4.14.2
    # via
    #   anthropic
    #   httpx
    #   litestar
    #   starlette
    #   streamlit
    #   watchfiles
appdirs==1.4.4
    # via iterative-telemetry
asgiref==3.12.1
    # via opentelemetry-instrumentation-asgi
asyncpg==0.31.0
    # via -r requirements.txt
attrs==26.1.0
    # via
    #   jsonschema
    #   referencing
bidict==0.23.1
    # via python-socketio
black==23.12.1
    # via -r requirements.txt
blinker==1.9.0
    # via
    #   flask
    #   streamlit
brotli==1.2.0
    # via geventhttpclient
cachetools==5.5.2
    # via mlflow-skinny
certifi==2026.7.22
    # via
    #   evidently
    #   geventhttpclient
    #   httpcore
    #   httpx
    #   requests
cffi==2.1.1
    # via
    #   cryptography
    #   gevent
cfgv==3.5.0
    # via pre-commit
charset-normalizer==3.5.1
    # via requests
click==8.4.2
    # via
    #   black
    #   flask
    #   litestar
    #   mlflow-skinny
    #   nltk
    #   rich-click
    #   streamlit
    #   uvicorn
cloudpickle==3.1.2
    # via
    #   mlflow-skinny
    #   shap
colorama==0.4.6
    # via
    #   click
    #   colorlog
    #   pytest
    #   rich-click
    #   tqdm
    #   typer
colorlog==6.12.0
    # via optuna
configargparse==1.7.5
    # via
    #   locust
    #   locust-cloud
contourpy==1.3.3
    # via matplotlib
coverage==7.15.4
    # via pytest-cov
cryptography==50.0.0
    # via
    #   evidently
    #   google-auth
cycler==0.12.1
    # via matplotlib
databricks-sdk==0.133.0
    # via mlflow-skinny
defusedxml==0.7.1
    # via nltk
deprecated==1.3.1
    # via limits
deprecation==2.1.0
    # via evidently
distlib==0.4.3
    # via virtualenv
distro==1.9.0
    # via
    #   anthropic
    #   iterative-telemetry
docker==7.2.0
    # via mlflow
docstring-parser==0.18.0
    # via anthropic
dynaconf==3.3.5
    # via evidently
evidently==0.7.21
    # via -r requirements.txt
execnet==2.1.2
    # via pytest-xdist
faiss-cpu==1.15.0
    # via -r requirements.txt
faker==40.37.0
    # via polyfactory
fastapi==0.141.1
    # via
    #   -r requirements.txt
    #   mlflow-skinny
filelock==3.32.3
    # via
    #   iterative-telemetry
    #   python-discovery
    #   virtualenv
flask==3.1.3
    # via
    #   flask-cors
    #   flask-login
    #   locust
    #   mlflow
flask-cors==6.0.5
    # via locust
flask-login==0.6.3
    # via locust
fonttools==4.63.0
    # via matplotlib
fsspec==2026.7.0
    # via evidently
gevent==25.5.1
    # via
    #   geventhttpclient
    #   locust
    #   locust-cloud
geventhttpclient==2.3.9
    # via locust
gitdb==4.0.12
    # via gitpython
gitpython==3.1.59
    # via mlflow-skinny
google-auth==2.56.3
    # via databricks-sdk
googleapis-common-protos==1.75.1
    # via
    #   opentelemetry-exporter-otlp-proto-grpc
    #   opentelemetry-exporter-otlp-proto-http
graphene==3.4.3
    # via mlflow
graphql-core==3.2.11
    # via
    #   graphene
    #   graphql-relay
graphql-relay==3.2.0
    # via graphene
greenlet==3.5.5
    # via
    #   gevent
    #   sqlalchemy
grpcio==1.83.0
    # via opentelemetry-exporter-otlp-proto-grpc
h11==0.16.0
    # via
    #   httpcore
    #   uvicorn
    #   wsproto
httpcore==1.0.9
    # via httpx
httptools==0.8.0
    # via
    #   streamlit
    #   uvicorn
httpx==0.28.1
    # via
    #   -r requirements.txt
    #   anthropic
    #   litestar
    #   respx
identify==2.6.19
    # via pre-commit
idna==3.19
    # via
    #   anyio
    #   httpx
    #   requests
imbalanced-learn==0.14.2
    # via -r requirements.txt
importlib-metadata==8.9.0
    # via mlflow-skinny
iniconfig==2.3.0
    # via pytest
isort==5.13.2
    # via -r requirements.txt
iterative-telemetry==0.0.10
    # via evidently
itsdangerous==2.2.0
    # via
    #   flask
    #   streamlit
jinja2==3.1.6
    # via
    #   altair
    #   flask
    #   mlflow
    #   pydeck
jiter==0.16.0
    # via anthropic
joblib==1.5.3
    # via
    #   -r requirements.txt
    #   imbalanced-learn
    #   nltk
    #   pynndescent
    #   scikit-learn
jsonschema==4.26.0
    # via altair
jsonschema-specifications==2025.9.1
    # via jsonschema
kiwisolver==1.5.0
    # via matplotlib
lightgbm==3.3.5
    # via -r requirements.txt
limits==5.8.0
    # via slowapi
litestar==2.24.0
    # via evidently
litestar-htmx==0.5.0
    # via litestar
llvmlite==0.49.0
    # via
    #   numba
    #   pynndescent
locust==2.39.1
    # via -r requirements.txt
locust-cloud==1.30.0
    # via locust
mako==1.4.1
    # via alembic
markdown==3.10.3
    # via mlflow
markdown-it-py==4.2.0
    # via rich
markupsafe==3.0.3
    # via
    #   flask
    #   jinja2
    #   mako
    #   werkzeug
matplotlib==3.11.1
    # via
    #   -r requirements.txt
    #   mlflow
    #   seaborn
mdurl==0.1.2
    # via markdown-it-py
mlflow==2.22.5
    # via -r requirements.txt
mlflow-skinny==2.22.5
    # via mlflow
msgpack==1.2.1
    # via locust
msgspec==0.21.1
    # via litestar
multidict==6.7.1
    # via litestar
multipart==2.0.0
    # via litestar
mypy-extensions==1.1.0
    # via
    #   black
    #   typing-inspect
narwhals==2.25.0
    # via
    #   altair
    #   scikit-learn
nltk==3.10.3
    # via evidently
nodeenv==1.10.0
    # via pre-commit
numba==0.67.0
    # via
    #   pynndescent
    #   shap
    #   umap-learn
numpy==1.26.4
    # via
    #   -r requirements.txt
    #   contourpy
    #   evidently
    #   faiss-cpu
    #   imbalanced-learn
    #   lightgbm
    #   matplotlib
    #   mlflow
    #   numba
    #   optuna
    #   pandas
    #   patsy
    #   pydeck
    #   scikit-learn
    #   scipy
    #   seaborn
    #   shap
    #   statsmodels
    #   streamlit
    #   umap-learn
    #   xgboost
opentelemetry-api==1.44.0
    # via
    #   -r requirements.txt
    #   mlflow-skinny
    #   opentelemetry-exporter-otlp-proto-grpc
    #   opentelemetry-exporter-otlp-proto-http
    #   opentelemetry-instrumentation
    #   opentelemetry-instrumentation-asgi
    #   opentelemetry-instrumentation-fastapi
    #   opentelemetry-sdk
    #   opentelemetry-semantic-conventions
opentelemetry-exporter-otlp==1.44.0
    # via -r requirements.txt
opentelemetry-exporter-otlp-proto-common==1.44.0
    # via
    #   opentelemetry-exporter-otlp-proto-grpc
    #   opentelemetry-exporter-otlp-proto-http
opentelemetry-exporter-otlp-proto-grpc==1.44.0
    # via opentelemetry-exporter-otlp
opentelemetry-exporter-otlp-proto-http==1.44.0
    # via opentelemetry-exporter-otlp
opentelemetry-instrumentation==0.65b0
    # via
    #   opentelemetry-instrumentation-asgi
    #   opentelemetry-instrumentation-fastapi
opentelemetry-instrumentation-asgi==0.65b0
    # via opentelemetry-instrumentation-fastapi
opentelemetry-instrumentation-fastapi==0.65b0
    # via -r requirements.txt
opentelemetry-proto==1.44.0
    # via
    #   evidently
    #   opentelemetry-exporter-otlp-proto-common
    #   opentelemetry-exporter-otlp-proto-grpc
    #   opentelemetry-exporter-otlp-proto-http
opentelemetry-sdk==1.44.0
    # via
    #   -r requirements.txt
    #   mlflow-skinny
    #   opentelemetry-exporter-otlp-proto-grpc
    #   opentelemetry-exporter-otlp-proto-http
opentelemetry-semantic-conventions==0.65b0
    # via
    #   opentelemetry-instrumentation
    #   opentelemetry-instrumentation-asgi
    #   opentelemetry-instrumentation-fastapi
    #   opentelemetry-sdk
opentelemetry-util-http==0.65b0
    # via
    #   opentelemetry-instrumentation-asgi
    #   opentelemetry-instrumentation-fastapi
optuna==3.6.2
    # via -r requirements.txt
packaging==24.2
    # via
    #   altair
    #   black
    #   deprecation
    #   faiss-cpu
    #   limits
    #   matplotlib
    #   mlflow-skinny
    #   opentelemetry-instrumentation
    #   optuna
    #   plotly
    #   pytest
    #   shap
    #   statsmodels
    #   streamlit
    #   wheel
pandas==2.3.3
    # via
    #   -r requirements.txt
    #   evidently
    #   mlflow
    #   seaborn
    #   shap
    #   statsmodels
    #   streamlit
pathspec==1.1.1
    # via black
patsy==1.0.2
    # via statsmodels
pillow==12.3.0
    # via
    #   matplotlib
    #   streamlit
platformdirs==4.11.3
    # via
    #   black
    #   locust-cloud
    #   virtualenv
plotly==5.24.1
    # via
    #   -r requirements.txt
    #   evidently
pluggy==1.6.0
    # via pytest
polyfactory==3.3.0
    # via litestar
pre-commit==3.8.0
    # via -r requirements.txt
prometheus-client==0.26.0
    # via prometheus-fastapi-instrumentator
prometheus-fastapi-instrumentator==8.1.0
    # via -r requirements.txt
protobuf==6.33.6
    # via
    #   databricks-sdk
    #   googleapis-common-protos
    #   mlflow-skinny
    #   opentelemetry-proto
    #   streamlit
psutil==7.2.2
    # via locust
psycopg2-binary==2.9.12
    # via -r requirements.txt
pyarrow==19.0.1
    # via
    #   mlflow
    #   pandas
    #   streamlit
pyasn1==0.6.4
    # via pyasn1-modules
pyasn1-modules==0.4.2
    # via google-auth
pycparser==3.0
    # via cffi
pydantic==2.13.4
    # via
    #   -r requirements.txt
    #   anthropic
    #   evidently
    #   fastapi
    #   mlflow-skinny
    #   pydantic-settings
pydantic-core==2.46.4
    # via pydantic
pydantic-settings==2.15.0
    # via -r requirements.txt
pydeck==0.9.3
    # via streamlit
pygments==2.21.0
    # via rich
pynndescent==0.6.0
    # via umap-learn
pyparsing==3.3.2
    # via matplotlib
pytest==7.4.4
    # via
    #   -r requirements.txt
    #   pytest-asyncio
    #   pytest-cov
    #   pytest-xdist
pytest-asyncio==0.23.8
    # via -r requirements.txt
pytest-cov==4.1.0
    # via -r requirements.txt
pytest-xdist==3.8.0
    # via -r requirements.txt
python-dateutil==2.9.0.post0
    # via
    #   graphene
    #   matplotlib
    #   pandas
python-discovery==1.5.2
    # via virtualenv
python-dotenv==1.2.3
    # via
    #   -r requirements.txt
    #   pydantic-settings
    #   uvicorn
python-engineio==4.13.5
    # via
    #   locust
    #   locust-cloud
    #   python-socketio
python-multipart==0.0.32
    # via streamlit
python-socketio==5.16.4
    # via
    #   locust
    #   locust-cloud
pytz==2026.3.post1
    # via pandas
pywin32==312
    # via
    #   docker
    #   locust
pyyaml==6.0.3
    # via
    #   evidently
    #   litestar
    #   mlflow-skinny
    #   optuna
    #   pre-commit
    #   uvicorn
pyzmq==27.2.0
    # via locust
redis==4.6.0
    # via -r requirements.txt
referencing==0.37.0
    # via
    #   jsonschema
    #   jsonschema-specifications
regex==2026.7.19
    # via nltk
requests==2.34.2
    # via
    #   -r requirements.txt
    #   databricks-sdk
    #   docker
    #   evidently
    #   iterative-telemetry
    #   locust
    #   mlflow-skinny
    #   opentelemetry-exporter-otlp-proto-http
    #   python-socketio
    #   streamlit
respx==0.23.1
    # via -r requirements.txt
rich==15.0.0
    # via
    #   evidently
    #   litestar
    #   rich-click
    #   typer
rich-click==1.9.8
    # via litestar
rpds-py==2026.6.3
    # via
    #   jsonschema
    #   referencing
ruff==0.16.4
    # via -r requirements.txt
scikit-learn==1.9.0
    # via
    #   -r requirements.txt
    #   evidently
    #   imbalanced-learn
    #   lightgbm
    #   mlflow
    #   pynndescent
    #   shap
    #   sklearn-compat
    #   umap-learn
scipy==1.17.1
    # via
    #   -r requirements.txt
    #   evidently
    #   imbalanced-learn
    #   lightgbm
    #   mlflow
    #   pynndescent
    #   scikit-learn
    #   shap
    #   statsmodels
    #   umap-learn
    #   xgboost
seaborn==0.13.2
    # via -r requirements.txt
setuptools==84.0.0
    # via locust
shap==0.49.1
    # via -r requirements.txt
shellingham==1.5.4
    # via typer
simple-websocket==1.1.0
    # via python-engineio
six==1.17.0
    # via python-dateutil
sklearn-compat==0.1.6
    # via imbalanced-learn
slicer==0.0.8
    # via shap
slowapi==0.1.10
    # via -r requirements.txt
smmap==5.0.3
    # via gitdb
sniffio==1.3.1
    # via
    #   anthropic
    #   litestar
sqlalchemy==2.0.52
    # via
    #   -r requirements.txt
    #   alembic
    #   mlflow
    #   optuna
sqlparse==0.6.0
    # via mlflow-skinny
starlette==1.6.0
    # via
    #   fastapi
    #   prometheus-fastapi-instrumentator
    #   streamlit
statsmodels==0.14.6
    # via evidently
streamlit==1.62.0
    # via -r requirements.txt
structlog==23.3.0
    # via -r requirements.txt
tenacity==8.5.0
    # via
    #   -r requirements.txt
    #   plotly
threadpoolctl==3.6.0
    # via
    #   imbalanced-learn
    #   scikit-learn
toml==0.10.2
    # via streamlit
tqdm==4.70.0
    # via
    #   -r requirements.txt
    #   nltk
    #   optuna
    #   shap
    #   umap-learn
typer==0.27.1
    # via evidently
typing-extensions==4.16.0
    # via
    #   alembic
    #   altair
    #   anthropic
    #   anyio
    #   fastapi
    #   graphene
    #   grpcio
    #   limits
    #   litestar
    #   mlflow-skinny
    #   opentelemetry-api
    #   opentelemetry-exporter-otlp-proto-grpc
    #   opentelemetry-exporter-otlp-proto-http
    #   opentelemetry-sdk
    #   opentelemetry-semantic-conventions
    #   polyfactory
    #   pydantic
    #   pydantic-core
    #   referencing
    #   shap
    #   sqlalchemy
    #   starlette
    #   streamlit
    #   typing-inspect
    #   typing-inspection
typing-inspect==0.9.0
    # via evidently
typing-inspection==0.4.4
    # via
    #   fastapi
    #   pydantic
    #   pydantic-settings
tzdata==2026.3
    # via
    #   faker
    #   pandas
ujson==5.13.0
    # via evidently
umap-learn==0.5.12
    # via -r requirements.txt
urllib3==2.7.0
    # via
    #   databricks-sdk
    #   docker
    #   evidently
    #   geventhttpclient
    #   requests
uuid6==2025.0.1
    # via evidently
uvicorn==0.52.4
    # via
    #   -r requirements.txt
    #   evidently
    #   mlflow-skinny
    #   streamlit
virtualenv==21.7.4
    # via pre-commit
waitress==3.0.2
    # via mlflow
watchdog==6.0.0
    # via
    #   evidently
    #   streamlit
watchfiles==1.2.0
    # via uvicorn
websocket-client==1.9.0
    # via python-socketio
websockets==16.1.1
    # via
    #   streamlit
    #   uvicorn
werkzeug==3.1.8
    # via
    #   flask
    #   flask-cors
    #   flask-login
    #   locust
wheel==0.48.0
    # via lightgbm
wrapt==2.3.0
    # via
    #   deprecated
    #   opentelemetry-instrumentation
wsproto==1.3.2
    # via simple-websocket
xgboost==1.7.6
    # via -r requirements.txt
zipp==4.1.0
    # via importlib-metadata
zope-event==6.2
    # via gevent
zope-interface==8.6
    # via gevent
