aiohappyeyeballs==2.7.1
    # via aiohttp
aiohttp==3.14.3
    # via mlflow
aiosignal==1.4.0
    # via aiohttp
aiosqlite==0.22.1
    # via -r requirements.txt
alembic==1.20.0
    # via
    #   -r requirements.txt
    #   mlflow
    #   optuna
altair==6.2.2
    # via streamlit
annotated-doc==0.0.5
    # via fastapi
annotated-types==0.8.0
    # via pydantic
anthropic==1.8.0
    # via -r requirements.txt
anyio==4.14.2
    # via
    #   anthropic
    #   httpx
    #   httpx2
    #   mlflow-skinny
    #   starlette
    #   streamlit
asgiref==3.12.1
    # via opentelemetry-instrumentation-asgi
asyncpg==0.31.0
    # via -r requirements.txt
attrs==26.1.0
    # via
    #   aiohttp
    #   jsonschema
    #   referencing
bidict==0.23.1
    # via python-socketio
black==26.5.1
    # via -r requirements.txt
blinker==1.9.0
    # via flask
brotli==1.2.0
    # via geventhttpclient
cachetools==5.5.2
    # via
    #   mlflow-skinny
    #   mlflow-tracing
certifi==2026.7.22
    # via
    #   geventhttpclient
    #   httpcore
    #   httpx
    #   requests
cffi==2.1.1
    # via cryptography
cfgv==3.5.0
    # via pre-commit
charset-normalizer==3.5.1
    # via requests
click==8.4.2
    # via
    #   black
    #   flask
    #   mlflow-skinny
    #   streamlit
    #   uvicorn
cloudpickle==3.1.2
    # via
    #   joblib
    #   mlflow-skinny
    #   shap
colorlog==6.12.0
    # via optuna
configargparse==1.7.5
    # via locust
contourpy==1.3.3
    # via matplotlib
coverage==7.15.4
    # via pytest-cov
cryptography==50.0.0
    # via
    #   google-auth
    #   mlflow
cycler==0.12.1
    # via matplotlib
databricks-sdk==0.133.0
    # via
    #   mlflow-skinny
    #   mlflow-tracing
deprecated==1.3.1
    # via limits
distlib==0.4.3
    # via virtualenv
docker==7.2.0
    # via mlflow
docstring-parser==0.18.0
    # via anthropic
execnet==2.1.2
    # via pytest-xdist
faiss-cpu==1.15.1
    # via -r requirements.txt
fastapi==0.141.1
    # via
    #   -r requirements.txt
    #   mlflow-skinny
filelock==3.32.3
    # via
    #   python-discovery
    #   virtualenv
flask==3.1.3
    # via
    #   flask-cors
    #   flask-login
    #   locust
    #   mlflow
flask-cors==6.0.5
    # via
    #   locust
    #   mlflow
flask-login==0.6.3
    # via locust
fonttools==4.63.0
    # via matplotlib
frozenlist==1.8.0
    # via
    #   aiohttp
    #   aiosignal
gevent==25.5.1
    # via
    #   geventhttpclient
    #   locust
geventhttpclient==2.3.9
    # via locust
gitdb==4.0.12
    # via gitpython
gitpython==3.1.59
    # via mlflow-skinny
google-auth==2.56.3
    # via databricks-sdk
googleapis-common-protos==1.75.1
    # via
    #   opentelemetry-exporter-otlp-proto-grpc
    #   opentelemetry-exporter-otlp-proto-http
graphene==3.4.3
    # via mlflow
graphql-core==3.2.11
    # via
    #   graphene
    #   graphql-relay
graphql-relay==3.2.0
    # via graphene
greenlet==3.5.5
    # via
    #   gevent
    #   sqlalchemy
grpcio==1.83.0
    # via opentelemetry-exporter-otlp-proto-grpc
gunicorn==26.2.0
    # via mlflow
h11==0.16.0
    # via
    #   httpcore
    #   httpcore2
    #   uvicorn
    #   wsproto
httpcore==1.0.9
    # via httpx
httpcore2==2.13.0
    # via httpx2
httptools==0.8.0
    # via streamlit
httpx==0.28.1
    # via
    #   -r requirements.txt
    #   respx
httpx2==2.13.0
    # via anthropic
huey==3.4.0
    # via mlflow
identify==2.6.19
    # via pre-commit
idna==3.19
    # via
    #   anyio
    #   httpx
    #   httpx2
    #   requests
    #   yarl
imbalanced-learn==0.14.2
    # via -r requirements.txt
importlib-metadata==8.9.0
    # via mlflow-skinny
iniconfig==2.3.0
    # via pytest
isort==5.13.2
    # via -r requirements.txt
itsdangerous==2.2.0
    # via
    #   flask
    #   streamlit
jinja2==3.1.6
    # via
    #   altair
    #   flask
    #   pydeck
jiter==0.16.0
    # via anthropic
joblib==1.6.0
    # via
    #   -r requirements.txt
    #   imbalanced-learn
    #   pynndescent
    #   scikit-learn
jsonschema==4.26.0
    # via altair
jsonschema-specifications==2025.9.1
    # via jsonschema
kiwisolver==1.5.0
    # via matplotlib
lightgbm==3.3.5
    # via -r requirements.txt
limits==5.8.0
    # via slowapi
llvmlite==0.49.0
    # via
    #   numba
    #   pynndescent
locust==2.46.6
    # via -r requirements.txt
mako==1.4.1
    # via alembic
markupsafe==3.0.3
    # via
    #   flask
    #   jinja2
    #   mako
    #   werkzeug
matplotlib==3.11.1
    # via
    #   -r requirements.txt
    #   mlflow
    #   seaborn
mlflow==3.16.1
    # via -r requirements.txt
mlflow-skinny==3.16.1
    # via mlflow
mlflow-tracing==3.16.1
    # via mlflow
msgpack==1.2.1
    # via locust
multidict==6.7.1
    # via
    #   aiohttp
    #   yarl
mypy-extensions==1.1.0
    # via black
narwhals==2.25.0
    # via
    #   altair
    #   plotly
    #   scikit-learn
nodeenv==1.10.0
    # via pre-commit
numba==0.67.0
    # via
    #   pynndescent
    #   shap
    #   umap-learn
numpy==2.5.3
    # via
    #   -r requirements.txt
    #   contourpy
    #   faiss-cpu
    #   imbalanced-learn
    #   lightgbm
    #   matplotlib
    #   mlflow
    #   numba
    #   optuna
    #   pandas
    #   pydeck
    #   scikit-learn
    #   scipy
    #   seaborn
    #   shap
    #   skops
    #   streamlit
    #   umap-learn
    #   xgboost
opentelemetry-api==1.44.0
    # via
    #   -r requirements.txt
    #   mlflow-skinny
    #   mlflow-tracing
    #   opentelemetry-exporter-otlp-proto-grpc
    #   opentelemetry-exporter-otlp-proto-http
    #   opentelemetry-instrumentation
    #   opentelemetry-instrumentation-asgi
    #   opentelemetry-instrumentation-fastapi
    #   opentelemetry-sdk
    #   opentelemetry-semantic-conventions
opentelemetry-exporter-otlp==1.44.0
    # via -r requirements.txt
opentelemetry-exporter-otlp-proto-common==1.44.0
    # via
    #   opentelemetry-exporter-otlp-proto-grpc
    #   opentelemetry-exporter-otlp-proto-http
opentelemetry-exporter-otlp-proto-grpc==1.44.0
    # via opentelemetry-exporter-otlp
opentelemetry-exporter-otlp-proto-http==1.44.0
    # via opentelemetry-exporter-otlp
opentelemetry-instrumentation==0.65b0
    # via
    #   opentelemetry-instrumentation-asgi
    #   opentelemetry-instrumentation-fastapi
opentelemetry-instrumentation-asgi==0.65b0
    # via opentelemetry-instrumentation-fastapi
opentelemetry-instrumentation-fastapi==0.65b0
    # via -r requirements.txt
opentelemetry-proto==1.44.0
    # via
    #   mlflow-skinny
    #   mlflow-tracing
    #   opentelemetry-exporter-otlp-proto-common
    #   opentelemetry-exporter-otlp-proto-grpc
    #   opentelemetry-exporter-otlp-proto-http
opentelemetry-sdk==1.44.0
    # via
    #   -r requirements.txt
    #   mlflow-skinny
    #   mlflow-tracing
    #   opentelemetry-exporter-otlp-proto-grpc
    #   opentelemetry-exporter-otlp-proto-http
opentelemetry-semantic-conventions==0.65b0
    # via
    #   opentelemetry-instrumentation
    #   opentelemetry-instrumentation-asgi
    #   opentelemetry-instrumentation-fastapi
    #   opentelemetry-sdk
opentelemetry-util-http==0.65b0
    # via
    #   opentelemetry-instrumentation-asgi
    #   opentelemetry-instrumentation-fastapi
optuna==5.0.0
    # via -r requirements.txt
packaging==24.2
    # via
    #   altair
    #   black
    #   faiss-cpu
    #   limits
    #   matplotlib
    #   mlflow-skinny
    #   mlflow-tracing
    #   opentelemetry-instrumentation
    #   optuna
    #   plotly
    #   pytest
    #   shap
    #   skops
    #   streamlit
    #   wheel
pandas==2.3.3
    # via
    #   -r requirements.txt
    #   mlflow
    #   seaborn
    #   shap
    #   streamlit
pathspec==1.1.1
    # via black
pillow==12.3.0
    # via
    #   matplotlib
    #   streamlit
platformdirs==4.11.3
    # via
    #   black
    #   virtualenv
plotly==7.1.0
    # via -r requirements.txt
pluggy==1.6.0
    # via
    #   pytest
    #   pytest-cov
pre-commit==3.8.0
    # via -r requirements.txt
prettytable==3.18.0
    # via skops
prometheus-client==0.26.0
    # via prometheus-fastapi-instrumentator
prometheus-fastapi-instrumentator==8.1.0
    # via -r requirements.txt
propcache==0.5.4
    # via
    #   aiohttp
    #   yarl
protobuf==6.33.6
    # via
    #   databricks-sdk
    #   googleapis-common-protos
    #   mlflow-skinny
    #   mlflow-tracing
    #   opentelemetry-proto
    #   streamlit
psutil==7.2.2
    # via locust
psycopg2-binary==2.9.13
    # via -r requirements.txt
pyarrow==19.0.1
    # via
    #   mlflow
    #   streamlit
pyasn1==0.6.4
    # via pyasn1-modules
pyasn1-modules==0.4.2
    # via google-auth
pycparser==3.0
    # via cffi
pydantic==2.13.5
    # via
    #   -r requirements.txt
    #   anthropic
    #   fastapi
    #   mlflow-skinny
    #   mlflow-tracing
    #   pydantic-settings
pydantic-core==2.46.5
    # via pydantic
pydantic-settings==2.15.0
    # via -r requirements.txt
pydeck==0.9.3
    # via streamlit
pygments==2.21.0
    # via pytest
pynndescent==0.6.0
    # via umap-learn
pyparsing==3.3.2
    # via matplotlib
pytest==8.4.2
    # via
    #   -r requirements.txt
    #   locust
    #   pytest-asyncio
    #   pytest-cov
    #   pytest-xdist
pytest-asyncio==1.4.0
    # via -r requirements.txt
pytest-cov==7.1.0
    # via -r requirements.txt
pytest-xdist==3.8.0
    # via -r requirements.txt
python-dateutil==2.9.0.post0
    # via
    #   graphene
    #   matplotlib
    #   pandas
python-discovery==1.5.2
    # via virtualenv
python-dotenv==1.2.3
    # via
    #   -r requirements.txt
    #   mlflow-skinny
    #   pydantic-settings
python-engineio==4.13.5
    # via
    #   locust
    #   python-socketio
python-multipart==0.0.32
    # via streamlit
python-socketio==5.16.4
    # via locust
pytokens==0.4.1
    # via black
pytz==2026.3.post1
    # via pandas
pyyaml==6.0.3
    # via
    #   mlflow-skinny
    #   optuna
    #   pre-commit
pyzmq==27.2.0
    # via locust
redis==8.1.0
    # via -r requirements.txt
referencing==0.37.0
    # via
    #   jsonschema
    #   jsonschema-specifications
requests==2.34.2
    # via
    #   -r requirements.txt
    #   databricks-sdk
    #   docker
    #   locust
    #   mlflow-skinny
    #   opentelemetry-exporter-otlp-proto-http
    #   python-socketio
    #   streamlit
respx==0.23.1
    # via -r requirements.txt
rpds-py==2026.6.3
    # via
    #   jsonschema
    #   referencing
ruff==0.16.8
    # via -r requirements.txt
scikit-learn==1.9.0
    # via
    #   -r requirements.txt
    #   imbalanced-learn
    #   lightgbm
    #   mlflow
    #   pynndescent
    #   shap
    #   sklearn-compat
    #   skops
    #   umap-learn
scipy==1.17.1
    # via
    #   -r requirements.txt
    #   imbalanced-learn
    #   lightgbm
    #   mlflow
    #   pynndescent
    #   scikit-learn
    #   shap
    #   skops
    #   umap-learn
    #   xgboost
seaborn==0.13.2
    # via -r requirements.txt
shap==0.49.1
    # via -r requirements.txt
simple-websocket==1.1.0
    # via python-engineio
six==1.17.0
    # via python-dateutil
sklearn-compat==0.1.6
    # via imbalanced-learn
skops==0.15.0
    # via mlflow
slicer==0.0.8
    # via shap
slowapi==0.1.10
    # via -r requirements.txt
smmap==5.0.3
    # via gitdb
sniffio==1.3.1
    # via anthropic
sqlalchemy==2.0.54
    # via
    #   -r requirements.txt
    #   alembic
    #   mlflow
    #   optuna
sqlparse==0.6.0
    # via mlflow-skinny
starlette==1.6.0
    # via
    #   fastapi
    #   mlflow-skinny
    #   prometheus-fastapi-instrumentator
    #   streamlit
streamlit==1.64.0
    # via -r requirements.txt
structlog==23.3.0
    # via -r requirements.txt
tenacity==9.1.4
    # via -r requirements.txt
threadpoolctl==3.6.0
    # via
    #   imbalanced-learn
    #   scikit-learn
toml==0.10.2
    # via streamlit
tqdm==4.70.1
    # via
    #   -r requirements.txt
    #   optuna
    #   shap
    #   umap-learn
truststore==0.10.4
    # via
    #   httpcore2
    #   httpx2
typing-extensions==4.16.0
    # via
    #   aiohttp
    #   aiosignal
    #   alembic
    #   altair
    #   anthropic
    #   anyio
    #   fastapi
    #   graphene
    #   grpcio
    #   httpx2
    #   limits
    #   mlflow-skinny
    #   opentelemetry-api
    #   opentelemetry-exporter-otlp-proto-grpc
    #   opentelemetry-exporter-otlp-proto-http
    #   opentelemetry-sdk
    #   opentelemetry-semantic-conventions
    #   pydantic
    #   pydantic-core
    #   pytest-asyncio
    #   referencing
    #   shap
    #   sqlalchemy
    #   starlette
    #   streamlit
    #   typing-inspection
typing-inspection==0.4.4
    # via
    #   fastapi
    #   pydantic
    #   pydantic-settings
tzdata==2026.3
    # via pandas
umap-learn==0.5.12
    # via -r requirements.txt
urllib3==2.7.0
    # via
    #   databricks-sdk
    #   docker
    #   geventhttpclient
    #   requests
uvicorn==0.53.0
    # via
    #   -r requirements.txt
    #   mlflow-skinny
    #   streamlit
virtualenv==21.7.4
    # via pre-commit
watchdog==6.0.0
    # via streamlit
wcwidth==0.8.4
    # via prettytable
websocket-client==1.9.0
    # via python-socketio
websockets==16.1.1
    # via streamlit
werkzeug==3.1.8
    # via
    #   flask
    #   flask-cors
    #   flask-login
    #   locust
wheel==0.48.0
    # via lightgbm
wrapt==2.3.0
    # via
    #   deprecated
    #   opentelemetry-instrumentation
wsproto==1.3.2
    # via simple-websocket
xgboost==1.7.6
    # via -r requirements.txt
yarl==1.25.1
    # via aiohttp
zipp==4.1.0
    # via importlib-metadata
zope-event==6.2
    # via gevent
zope-interface==8.6
    # via gevent
